
Microsoft Visual Studio Solution File, Format Version 12.00
# Visual Studio Version 16
VisualStudioVersion = 16.0.31624.102
MinimumVisualStudioVersion = 10.0.40219.1
Project("{8BC9CEB8-8B4A-11D0-8D11-00A0C91BC942}") = "[BOJ] 10820번_문자열 분석", "[BOJ] 10820번_문자열 분석.vcxproj", "{45C19EC8-616F-4B69-98BC-49481F2DE39E}"
EndProject
Global
	GlobalSection(SolutionConfigurationPlatforms) = preSolution
		Debug|x64 = Debug|x64
		Debug|x86 = Debug|x86
		Release|x64 = Release|x64
		Release|x86 = Release|x86
	EndGlobalSection
	GlobalSection(ProjectConfigurationPlatforms) = postSolution
		{45C19EC8-616F-4B69-98BC-49481F2DE39E}.Debug|x64.ActiveCfg = Debug|x64
		{45C19EC8-616F-4B69-98BC-49481F2DE39E}.Debug|x64.Build.0 = Debug|x64
		{45C19EC8-616F-4B69-98BC-49481F2DE39E}.Debug|x86.ActiveCfg = Debug|Win32
		{45C19EC8-616F-4B69-98BC-49481F2DE39E}.Debug|x86.Build.0 = Debug|Win32
		{45C19EC8-616F-4B69-98BC-49481F2DE39E}.Release|x64.ActiveCfg = Release|x64
		{45C19EC8-616F-4B69-98BC-49481F2DE39E}.Release|x64.Build.0 = Release|x64
		{45C19EC8-616F-4B69-98BC-49481F2DE39E}.Release|x86.ActiveCfg = Release|Win32
		{45C19EC8-616F-4B69-98BC-49481F2DE39E}.Release|x86.Build.0 = Release|Win32
	EndGlobalSection
	GlobalSection(SolutionProperties) = preSolution
		HideSolutionNode = FALSE
	EndGlobalSection
	GlobalSection(ExtensibilityGlobals) = postSolution
		SolutionGuid = {C0C72186-C266-4CD6-958D-11A7D912790C}
	EndGlobalSection
EndGlobal
