
Microsoft Visual Studio Solution File, Format Version 12.00
# Visual Studio Version 16
VisualStudioVersion = 16.0.31624.102
MinimumVisualStudioVersion = 10.0.40219.1
Project("{8BC9CEB8-8B4A-11D0-8D11-00A0C91BC942}") = "[BOJ] 1978번_소수 찾기", "[BOJ] 1978번_소수 찾기.vcxproj", "{8CD6E605-CED2-4AA4-8560-8E9952F6A768}"
EndProject
Global
	GlobalSection(SolutionConfigurationPlatforms) = preSolution
		Debug|x64 = Debug|x64
		Debug|x86 = Debug|x86
		Release|x64 = Release|x64
		Release|x86 = Release|x86
	EndGlobalSection
	GlobalSection(ProjectConfigurationPlatforms) = postSolution
		{8CD6E605-CED2-4AA4-8560-8E9952F6A768}.Debug|x64.ActiveCfg = Debug|x64
		{8CD6E605-CED2-4AA4-8560-8E9952F6A768}.Debug|x64.Build.0 = Debug|x64
		{8CD6E605-CED2-4AA4-8560-8E9952F6A768}.Debug|x86.ActiveCfg = Debug|Win32
		{8CD6E605-CED2-4AA4-8560-8E9952F6A768}.Debug|x86.Build.0 = Debug|Win32
		{8CD6E605-CED2-4AA4-8560-8E9952F6A768}.Release|x64.ActiveCfg = Release|x64
		{8CD6E605-CED2-4AA4-8560-8E9952F6A768}.Release|x64.Build.0 = Release|x64
		{8CD6E605-CED2-4AA4-8560-8E9952F6A768}.Release|x86.ActiveCfg = Release|Win32
		{8CD6E605-CED2-4AA4-8560-8E9952F6A768}.Release|x86.Build.0 = Release|Win32
	EndGlobalSection
	GlobalSection(SolutionProperties) = preSolution
		HideSolutionNode = FALSE
	EndGlobalSection
	GlobalSection(ExtensibilityGlobals) = postSolution
		SolutionGuid = {074A6E2E-1BA6-4A1E-A147-B4D668B75620}
	EndGlobalSection
EndGlobal
